{
  "name": "graphlib-csv",
  "version": "1.0.0",
  "lockfileVersion": 2,
  "requires": true,
  "packages": {
    "": {
      "name": "graphlib-csv",
      "version": "1.0.0",
      "license": "MIT",
      "dependencies": {
        "csv-parser": "^3.0.0",
        "geolib": "^3.3.3",
        "graphlib": "^2.1.8",
        "priorityqueuejs": "^2.0.0",
        "static-kdtree": "^1.0.2"
      },
      "devDependencies": {
        "@types/graphlib": "^2.1.8",
        "@types/node": "^16.11.12",
        "@types/node-dijkstra": "^2.5.3",
        "@types/priorityqueuejs": "^1.0.1",
        "@types/static-kdtree": "^1.0.0",
        "node-dijkstra": "^2.5.0",
        "typescript": "^4.5.5"
      }
    },
    "node_modules/@types/graphlib": {
      "version": "2.1.8",
      "resolved": "https://registry.npmjs.org/@types/graphlib/-/graphlib-2.1.8.tgz",
      "integrity": "sha512-8nbbyD3zABRA9ePoBgAl2ym8cIwKQXTfv1gaIRTdY99yEOCaHfmjBeRp+BIemS8NtOqoWK7mfzWxjNrxLK3T5w==",
      "dev": true
    },
    "node_modules/@types/ndarray": {
      "version": "1.0.11",
      "resolved": "https://registry.npmjs.org/@types/ndarray/-/ndarray-1.0.11.tgz",
      "integrity": "sha512-hOZVTN24zDHwCHaW7mF9n1vHJt83fZhNZ0YYRBwQGhA96yBWWDPTDDlqJatagHIOJB0a4xoNkNc+t/Cxd+6qUA==",
      "dev": true
    },
    "node_modules/@types/node": {
      "version": "16.18.22",
      "resolved": "https://registry.npmjs.org/@types/node/-/node-16.18.22.tgz",
      "integrity": "sha512-LJSIirgASa1LicFGTUFwDY7BfKDtLIbijqDLkH47LxEo/jtdrtiZ4/kLPD99bEQhTcPcuh6KhDllHqRxygJD2w==",
      "dev": true
    },
    "node_modules/@types/node-dijkstra": {
      "version": "2.5.3",
      "resolved": "https://registry.npmjs.org/@types/node-dijkstra/-/node-dijkstra-2.5.3.tgz",
      "integrity": "sha512-1D4rS5dK8373h/Ub8Wq2CuTKRT0VhA5KV8hPnhFIYuXvYUzXxjFGkrchd3QqqOVn28Mt6hNIDy22vpT9Ddx+kg==",
      "dev": true
    },
    "node_modules/@types/priorityqueuejs": {
      "version": "1.0.1",
      "resolved": "https://registry.npmjs.org/@types/priorityqueuejs/-/priorityqueuejs-1.0.1.tgz",
      "integrity": "sha512-rt2GvuoXcYb+R4X8SF4jlTSXDWoUmkZf7OB8iTRRfE5dmqHn47rY8CRIEPDD5lY28cU86+xXYQ5RsXq/9nydvQ==",
      "dev": true
    },
    "node_modules/@types/static-kdtree": {
      "version": "1.0.0",
      "resolved": "https://registry.npmjs.org/@types/static-kdtree/-/static-kdtree-1.0.0.tgz",
      "integrity": "sha512-cbwoYQZH98myLe7oeLF3VqwKSBZo+Zk+RoxzQFp196yFRkew0XqYubhEj0Zo2//6xIeKLMT4py0fX8zD9nUZ0g==",
      "dev": true,
      "dependencies": {
        "@types/ndarray": "*"
      }
    },
    "node_modules/bit-twiddle": {
      "version": "1.0.2",
      "resolved": "https://registry.npmjs.org/bit-twiddle/-/bit-twiddle-1.0.2.tgz",
      "integrity": "sha512-B9UhK0DKFZhoTFcfvAzhqsjStvGJp9vYWf3+6SNTtdSQnvIgfkHbgHrg/e4+TH71N2GDu8tpmCVoyfrL1d7ntA=="
    },
    "node_modules/csv-parser": {
      "version": "3.0.0",
      "resolved": "https://registry.npmjs.org/csv-parser/-/csv-parser-3.0.0.tgz",
      "integrity": "sha512-s6OYSXAK3IdKqYO33y09jhypG/bSDHPuyCme/IdEHfWpLf/jKcpitVFyOC6UemgGk8v7Q5u2XE0vvwmanxhGlQ==",
      "dependencies": {
        "minimist": "^1.2.0"
      },
      "bin": {
        "csv-parser": "bin/csv-parser"
      },
      "engines": {
        "node": ">= 10"
      }
    },
    "node_modules/cwise-compiler": {
      "version": "1.1.3",
      "resolved": "https://registry.npmjs.org/cwise-compiler/-/cwise-compiler-1.1.3.tgz",
      "integrity": "sha512-WXlK/m+Di8DMMcCjcWr4i+XzcQra9eCdXIJrgh4TUgh0pIS/yJduLxS9JgefsHJ/YVLdgPtXm9r62W92MvanEQ==",
      "dependencies": {
        "uniq": "^1.0.0"
      }
    },
    "node_modules/dup": {
      "version": "1.0.0",
      "resolved": "https://registry.npmjs.org/dup/-/dup-1.0.0.tgz",
      "integrity": "sha512-Bz5jxMMC0wgp23Zm15ip1x8IhYRqJvF3nFC0UInJUDkN1z4uNPk9jTnfCUJXbOGiQ1JbXLQsiV41Fb+HXcj5BA=="
    },
    "node_modules/geolib": {
      "version": "3.3.3",
      "resolved": "https://registry.npmjs.org/geolib/-/geolib-3.3.3.tgz",
      "integrity": "sha512-YO704pzdB/8QQekQuDmFD5uv5RAwAf4rOUPdcMhdEOz+HoPWD0sC7Qqdwb+LAvwIjXVRawx0QgZlocKYh8PFOQ=="
    },
    "node_modules/graphlib": {
      "version": "2.1.8",
      "resolved": "https://registry.npmjs.org/graphlib/-/graphlib-2.1.8.tgz",
      "integrity": "sha512-jcLLfkpoVGmH7/InMC/1hIvOPSUh38oJtGhvrOFGzioE1DZ+0YW16RgmOJhHiuWTvGiJQ9Z1Ik43JvkRPRvE+A==",
      "dependencies": {
        "lodash": "^4.17.15"
      }
    },
    "node_modules/inorder-tree-layout": {
      "version": "1.0.0",
      "resolved": "https://registry.npmjs.org/inorder-tree-layout/-/inorder-tree-layout-1.0.0.tgz",
      "integrity": "sha512-nRgl0K3Cd8LC5U3qNzhwwDFC9CIGy0O/RN52L9woY0nqS0UkasEP752l2zxTql3P93FgNuewQKjmsNYNYw4xmA==",
      "dependencies": {
        "bit-twiddle": "~0.0.1"
      }
    },
    "node_modules/inorder-tree-layout/node_modules/bit-twiddle": {
      "version": "0.0.2",
      "resolved": "https://registry.npmjs.org/bit-twiddle/-/bit-twiddle-0.0.2.tgz",
      "integrity": "sha512-76iFAOrkcuw5UPA30Pt32XaytMHXz/04JembgIwsQAp7ImHYSWNq1shBbrlWf6CUvh1+amQ81LI8hNhqQgsBEw=="
    },
    "node_modules/iota-array": {
      "version": "1.0.0",
      "resolved": "https://registry.npmjs.org/iota-array/-/iota-array-1.0.0.tgz",
      "integrity": "sha512-pZ2xT+LOHckCatGQ3DcG/a+QuEqvoxqkiL7tvE8nn3uuu+f6i1TtpB5/FtWFbxUuVr5PZCx8KskuGatbJDXOWA=="
    },
    "node_modules/is-buffer": {
      "version": "1.1.6",
      "resolved": "https://registry.npmjs.org/is-buffer/-/is-buffer-1.1.6.tgz",
      "integrity": "sha512-NcdALwpXkTm5Zvvbk7owOUSvVvBKDgKP5/ewfXEznmQFfs4ZRmanOeKBTjRVjka3QFoN6XJ+9F3USqfHqTaU5w=="
    },
    "node_modules/lodash": {
      "version": "4.17.21",
      "resolved": "https://registry.npmjs.org/lodash/-/lodash-4.17.21.tgz",
      "integrity": "sha512-v2kDEe57lecTulaDIuNTPy3Ry4gLGJ6Z1O3vE1krgXZNrsQ+LFTGHVxVjcXPs17LhbZVGedAJv8XZ1tvj5FvSg=="
    },
    "node_modules/minimist": {
      "version": "1.2.8",
      "resolved": "https://registry.npmjs.org/minimist/-/minimist-1.2.8.tgz",
      "integrity": "sha512-2yyAR8qBkN3YuheJanUpWC5U3bb5osDywNB8RzDVlDwDHbocAJveqqj1u8+SVD7jkWT4yvsHCpWqqWqAxb0zCA==",
      "funding": {
        "url": "https://github.com/sponsors/ljharb"
      }
    },
    "node_modules/ndarray": {
      "version": "1.0.19",
      "resolved": "https://registry.npmjs.org/ndarray/-/ndarray-1.0.19.tgz",
      "integrity": "sha512-B4JHA4vdyZU30ELBw3g7/p9bZupyew5a7tX1Y/gGeF2hafrPaQZhgrGQfsvgfYbgdFZjYwuEcnaobeM/WMW+HQ==",
      "dependencies": {
        "iota-array": "^1.0.0",
        "is-buffer": "^1.0.2"
      }
    },
    "node_modules/ndarray-ops": {
      "version": "1.2.2",
      "resolved": "https://registry.npmjs.org/ndarray-ops/-/ndarray-ops-1.2.2.tgz",
      "integrity": "sha512-BppWAFRjMYF7N/r6Ie51q6D4fs0iiGmeXIACKY66fLpnwIui3Wc3CXiD/30mgLbDjPpSLrsqcp3Z62+IcHZsDw==",
      "dependencies": {
        "cwise-compiler": "^1.0.0"
      }
    },
    "node_modules/ndarray-pack": {
      "version": "1.2.1",
      "resolved": "https://registry.npmjs.org/ndarray-pack/-/ndarray-pack-1.2.1.tgz",
      "integrity": "sha512-51cECUJMT0rUZNQa09EoKsnFeDL4x2dHRT0VR5U2H5ZgEcm95ZDWcMA5JShroXjHOejmAD/fg8+H+OvUnVXz2g==",
      "dependencies": {
        "cwise-compiler": "^1.1.2",
        "ndarray": "^1.0.13"
      }
    },
    "node_modules/ndarray-scratch": {
      "version": "1.2.0",
      "resolved": "https://registry.npmjs.org/ndarray-scratch/-/ndarray-scratch-1.2.0.tgz",
      "integrity": "sha512-a4pASwB1jQyJcKLYrwrladVfDZDUGc78qLJZbHyb1Q4rhte0URhzc6ALQpBcauwgov0sXLwZz3vYH5jKAhSMIg==",
      "dependencies": {
        "ndarray": "^1.0.14",
        "ndarray-ops": "^1.2.1",
        "typedarray-pool": "^1.0.2"
      }
    },
    "node_modules/ndarray-select": {
      "version": "1.0.1",
      "resolved": "https://registry.npmjs.org/ndarray-select/-/ndarray-select-1.0.1.tgz",
      "integrity": "sha512-bUQH+V2TQnPA0tiB6pliaUSYUTld6Il3UILaH/7T3S7RKzuW9RdA08hayeRJr04Xu4yNTpccLL3YYz7rNd7ffw=="
    },
    "node_modules/node-dijkstra": {
      "version": "2.5.0",
      "resolved": "https://registry.npmjs.org/node-dijkstra/-/node-dijkstra-2.5.0.tgz",
      "integrity": "sha512-2REYb1lo8yDRAY1gsdhjwQdGVSh47VI5Z5wS8sCqydO/P1OVAKOwLuV1fDxNLvbrtMspW7k2UZ2JKIKP06hl+A==",
      "dev": true
    },
    "node_modules/priorityqueuejs": {
      "version": "2.0.0",
      "resolved": "https://registry.npmjs.org/priorityqueuejs/-/priorityqueuejs-2.0.0.tgz",
      "integrity": "sha512-19BMarhgpq3x4ccvVi8k2QpJZcymo/iFUcrhPd4V96kYGovOdTsWwy7fxChYi4QY+m2EnGBWSX9Buakz+tWNQQ=="
    },
    "node_modules/static-kdtree": {
      "version": "1.0.2",
      "resolved": "https://registry.npmjs.org/static-kdtree/-/static-kdtree-1.0.2.tgz",
      "integrity": "sha512-0EnWbb9V5TKZp+SvS59wzXGDFzA02YTpOfE73R1Exj2MK7fNyJELtAeSMW/p23nc2HFV1HqHxTS19aflt6f83g==",
      "dependencies": {
        "bit-twiddle": "^1.0.0",
        "inorder-tree-layout": "^1.0.0",
        "ndarray": "^1.0.13",
        "ndarray-ops": "^1.2.1",
        "ndarray-pack": "^1.1.0",
        "ndarray-scratch": "^1.0.0",
        "ndarray-select": "^1.0.0",
        "typedarray-pool": "^1.0.0"
      }
    },
    "node_modules/typedarray-pool": {
      "version": "1.2.0",
      "resolved": "https://registry.npmjs.org/typedarray-pool/-/typedarray-pool-1.2.0.tgz",
      "integrity": "sha512-YTSQbzX43yvtpfRtIDAYygoYtgT+Rpjuxy9iOpczrjpXLgGoyG7aS5USJXV2d3nn8uHTeb9rXDvzS27zUg5KYQ==",
      "dependencies": {
        "bit-twiddle": "^1.0.0",
        "dup": "^1.0.0"
      }
    },
    "node_modules/typescript": {
      "version": "4.9.5",
      "resolved": "https://registry.npmjs.org/typescript/-/typescript-4.9.5.tgz",
      "integrity": "sha512-1FXk9E2Hm+QzZQ7z+McJiHL4NW1F2EzMu9Nq9i3zAaGqibafqYwCVU6WyWAuyQRRzOlxou8xZSyXLEN8oKj24g==",
      "dev": true,
      "bin": {
        "tsc": "bin/tsc",
        "tsserver": "bin/tsserver"
      },
      "engines": {
        "node": ">=4.2.0"
      }
    },
    "node_modules/uniq": {
      "version": "1.0.1",
      "resolved": "https://registry.npmjs.org/uniq/-/uniq-1.0.1.tgz",
      "integrity": "sha512-Gw+zz50YNKPDKXs+9d+aKAjVwpjNwqzvNpLigIruT4HA9lMZNdMqs9x07kKHB/L9WRzqp4+DlTU5s4wG2esdoA=="
    }
  },
  "dependencies": {
    "@types/graphlib": {
      "version": "2.1.8",
      "resolved": "https://registry.npmjs.org/@types/graphlib/-/graphlib-2.1.8.tgz",
      "integrity": "sha512-8nbbyD3zABRA9ePoBgAl2ym8cIwKQXTfv1gaIRTdY99yEOCaHfmjBeRp+BIemS8NtOqoWK7mfzWxjNrxLK3T5w==",
      "dev": true
    },
    "@types/ndarray": {
      "version": "1.0.11",
      "resolved": "https://registry.npmjs.org/@types/ndarray/-/ndarray-1.0.11.tgz",
      "integrity": "sha512-hOZVTN24zDHwCHaW7mF9n1vHJt83fZhNZ0YYRBwQGhA96yBWWDPTDDlqJatagHIOJB0a4xoNkNc+t/Cxd+6qUA==",
      "dev": true
    },
    "@types/node": {
      "version": "16.18.22",
      "resolved": "https://registry.npmjs.org/@types/node/-/node-16.18.22.tgz",
      "integrity": "sha512-LJSIirgASa1LicFGTUFwDY7BfKDtLIbijqDLkH47LxEo/jtdrtiZ4/kLPD99bEQhTcPcuh6KhDllHqRxygJD2w==",
      "dev": true
    },
    "@types/node-dijkstra": {
      "version": "2.5.3",
      "resolved": "https://registry.npmjs.org/@types/node-dijkstra/-/node-dijkstra-2.5.3.tgz",
      "integrity": "sha512-1D4rS5dK8373h/Ub8Wq2CuTKRT0VhA5KV8hPnhFIYuXvYUzXxjFGkrchd3QqqOVn28Mt6hNIDy22vpT9Ddx+kg==",
      "dev": true
    },
    "@types/priorityqueuejs": {
      "version": "1.0.1",
      "resolved": "https://registry.npmjs.org/@types/priorityqueuejs/-/priorityqueuejs-1.0.1.tgz",
      "integrity": "sha512-rt2GvuoXcYb+R4X8SF4jlTSXDWoUmkZf7OB8iTRRfE5dmqHn47rY8CRIEPDD5lY28cU86+xXYQ5RsXq/9nydvQ==",
      "dev": true
    },
    "@types/static-kdtree": {
      "version": "1.0.0",
      "resolved": "https://registry.npmjs.org/@types/static-kdtree/-/static-kdtree-1.0.0.tgz",
      "integrity": "sha512-cbwoYQZH98myLe7oeLF3VqwKSBZo+Zk+RoxzQFp196yFRkew0XqYubhEj0Zo2//6xIeKLMT4py0fX8zD9nUZ0g==",
      "dev": true,
      "requires": {
        "@types/ndarray": "*"
      }
    },
    "bit-twiddle": {
      "version": "1.0.2",
      "resolved": "https://registry.npmjs.org/bit-twiddle/-/bit-twiddle-1.0.2.tgz",
      "integrity": "sha512-B9UhK0DKFZhoTFcfvAzhqsjStvGJp9vYWf3+6SNTtdSQnvIgfkHbgHrg/e4+TH71N2GDu8tpmCVoyfrL1d7ntA=="
    },
    "csv-parser": {
      "version": "3.0.0",
      "resolved": "https://registry.npmjs.org/csv-parser/-/csv-parser-3.0.0.tgz",
      "integrity": "sha512-s6OYSXAK3IdKqYO33y09jhypG/bSDHPuyCme/IdEHfWpLf/jKcpitVFyOC6UemgGk8v7Q5u2XE0vvwmanxhGlQ==",
      "requires": {
        "minimist": "^1.2.0"
      }
    },
    "cwise-compiler": {
      "version": "1.1.3",
      "resolved": "https://registry.npmjs.org/cwise-compiler/-/cwise-compiler-1.1.3.tgz",
      "integrity": "sha512-WXlK/m+Di8DMMcCjcWr4i+XzcQra9eCdXIJrgh4TUgh0pIS/yJduLxS9JgefsHJ/YVLdgPtXm9r62W92MvanEQ==",
      "requires": {
        "uniq": "^1.0.0"
      }
    },
    "dup": {
      "version": "1.0.0",
      "resolved": "https://registry.npmjs.org/dup/-/dup-1.0.0.tgz",
      "integrity": "sha512-Bz5jxMMC0wgp23Zm15ip1x8IhYRqJvF3nFC0UInJUDkN1z4uNPk9jTnfCUJXbOGiQ1JbXLQsiV41Fb+HXcj5BA=="
    },
    "geolib": {
      "version": "3.3.3",
      "resolved": "https://registry.npmjs.org/geolib/-/geolib-3.3.3.tgz",
      "integrity": "sha512-YO704pzdB/8QQekQuDmFD5uv5RAwAf4rOUPdcMhdEOz+HoPWD0sC7Qqdwb+LAvwIjXVRawx0QgZlocKYh8PFOQ=="
    },
    "graphlib": {
      "version": "2.1.8",
      "resolved": "https://registry.npmjs.org/graphlib/-/graphlib-2.1.8.tgz",
      "integrity": "sha512-jcLLfkpoVGmH7/InMC/1hIvOPSUh38oJtGhvrOFGzioE1DZ+0YW16RgmOJhHiuWTvGiJQ9Z1Ik43JvkRPRvE+A==",
      "requires": {
        "lodash": "^4.17.15"
      }
    },
    "inorder-tree-layout": {
      "version": "1.0.0",
      "resolved": "https://registry.npmjs.org/inorder-tree-layout/-/inorder-tree-layout-1.0.0.tgz",
      "integrity": "sha512-nRgl0K3Cd8LC5U3qNzhwwDFC9CIGy0O/RN52L9woY0nqS0UkasEP752l2zxTql3P93FgNuewQKjmsNYNYw4xmA==",
      "requires": {
        "bit-twiddle": "~0.0.1"
      },
      "dependencies": {
        "bit-twiddle": {
          "version": "0.0.2",
          "resolved": "https://registry.npmjs.org/bit-twiddle/-/bit-twiddle-0.0.2.tgz",
          "integrity": "sha512-76iFAOrkcuw5UPA30Pt32XaytMHXz/04JembgIwsQAp7ImHYSWNq1shBbrlWf6CUvh1+amQ81LI8hNhqQgsBEw=="
        }
      }
    },
    "iota-array": {
      "version": "1.0.0",
      "resolved": "https://registry.npmjs.org/iota-array/-/iota-array-1.0.0.tgz",
      "integrity": "sha512-pZ2xT+LOHckCatGQ3DcG/a+QuEqvoxqkiL7tvE8nn3uuu+f6i1TtpB5/FtWFbxUuVr5PZCx8KskuGatbJDXOWA=="
    },
    "is-buffer": {
      "version": "1.1.6",
      "resolved": "https://registry.npmjs.org/is-buffer/-/is-buffer-1.1.6.tgz",
      "integrity": "sha512-NcdALwpXkTm5Zvvbk7owOUSvVvBKDgKP5/ewfXEznmQFfs4ZRmanOeKBTjRVjka3QFoN6XJ+9F3USqfHqTaU5w=="
    },
    "lodash": {
      "version": "4.17.21",
      "resolved": "https://registry.npmjs.org/lodash/-/lodash-4.17.21.tgz",
      "integrity": "sha512-v2kDEe57lecTulaDIuNTPy3Ry4gLGJ6Z1O3vE1krgXZNrsQ+LFTGHVxVjcXPs17LhbZVGedAJv8XZ1tvj5FvSg=="
    },
    "minimist": {
      "version": "1.2.8",
      "resolved": "https://registry.npmjs.org/minimist/-/minimist-1.2.8.tgz",
      "integrity": "sha512-2yyAR8qBkN3YuheJanUpWC5U3bb5osDywNB8RzDVlDwDHbocAJveqqj1u8+SVD7jkWT4yvsHCpWqqWqAxb0zCA=="
    },
    "ndarray": {
      "version": "1.0.19",
      "resolved": "https://registry.npmjs.org/ndarray/-/ndarray-1.0.19.tgz",
      "integrity": "sha512-B4JHA4vdyZU30ELBw3g7/p9bZupyew5a7tX1Y/gGeF2hafrPaQZhgrGQfsvgfYbgdFZjYwuEcnaobeM/WMW+HQ==",
      "requires": {
        "iota-array": "^1.0.0",
        "is-buffer": "^1.0.2"
      }
    },
    "ndarray-ops": {
      "version": "1.2.2",
      "resolved": "https://registry.npmjs.org/ndarray-ops/-/ndarray-ops-1.2.2.tgz",
      "integrity": "sha512-BppWAFRjMYF7N/r6Ie51q6D4fs0iiGmeXIACKY66fLpnwIui3Wc3CXiD/30mgLbDjPpSLrsqcp3Z62+IcHZsDw==",
      "requires": {
        "cwise-compiler": "^1.0.0"
      }
    },
    "ndarray-pack": {
      "version": "1.2.1",
      "resolved": "https://registry.npmjs.org/ndarray-pack/-/ndarray-pack-1.2.1.tgz",
      "integrity": "sha512-51cECUJMT0rUZNQa09EoKsnFeDL4x2dHRT0VR5U2H5ZgEcm95ZDWcMA5JShroXjHOejmAD/fg8+H+OvUnVXz2g==",
      "requires": {
        "cwise-compiler": "^1.1.2",
        "ndarray": "^1.0.13"
      }
    },
    "ndarray-scratch": {
      "version": "1.2.0",
      "resolved": "https://registry.npmjs.org/ndarray-scratch/-/ndarray-scratch-1.2.0.tgz",
      "integrity": "sha512-a4pASwB1jQyJcKLYrwrladVfDZDUGc78qLJZbHyb1Q4rhte0URhzc6ALQpBcauwgov0sXLwZz3vYH5jKAhSMIg==",
      "requires": {
        "ndarray": "^1.0.14",
        "ndarray-ops": "^1.2.1",
        "typedarray-pool": "^1.0.2"
      }
    },
    "ndarray-select": {
      "version": "1.0.1",
      "resolved": "https://registry.npmjs.org/ndarray-select/-/ndarray-select-1.0.1.tgz",
      "integrity": "sha512-bUQH+V2TQnPA0tiB6pliaUSYUTld6Il3UILaH/7T3S7RKzuW9RdA08hayeRJr04Xu4yNTpccLL3YYz7rNd7ffw=="
    },
    "node-dijkstra": {
      "version": "2.5.0",
      "resolved": "https://registry.npmjs.org/node-dijkstra/-/node-dijkstra-2.5.0.tgz",
      "integrity": "sha512-2REYb1lo8yDRAY1gsdhjwQdGVSh47VI5Z5wS8sCqydO/P1OVAKOwLuV1fDxNLvbrtMspW7k2UZ2JKIKP06hl+A==",
      "dev": true
    },
    "priorityqueuejs": {
      "version": "2.0.0",
      "resolved": "https://registry.npmjs.org/priorityqueuejs/-/priorityqueuejs-2.0.0.tgz",
      "integrity": "sha512-19BMarhgpq3x4ccvVi8k2QpJZcymo/iFUcrhPd4V96kYGovOdTsWwy7fxChYi4QY+m2EnGBWSX9Buakz+tWNQQ=="
    },
    "static-kdtree": {
      "version": "1.0.2",
      "resolved": "https://registry.npmjs.org/static-kdtree/-/static-kdtree-1.0.2.tgz",
      "integrity": "sha512-0EnWbb9V5TKZp+SvS59wzXGDFzA02YTpOfE73R1Exj2MK7fNyJELtAeSMW/p23nc2HFV1HqHxTS19aflt6f83g==",
      "requires": {
        "bit-twiddle": "^1.0.0",
        "inorder-tree-layout": "^1.0.0",
        "ndarray": "^1.0.13",
        "ndarray-ops": "^1.2.1",
        "ndarray-pack": "^1.1.0",
        "ndarray-scratch": "^1.0.0",
        "ndarray-select": "^1.0.0",
        "typedarray-pool": "^1.0.0"
      }
    },
    "typedarray-pool": {
      "version": "1.2.0",
      "resolved": "https://registry.npmjs.org/typedarray-pool/-/typedarray-pool-1.2.0.tgz",
      "integrity": "sha512-YTSQbzX43yvtpfRtIDAYygoYtgT+Rpjuxy9iOpczrjpXLgGoyG7aS5USJXV2d3nn8uHTeb9rXDvzS27zUg5KYQ==",
      "requires": {
        "bit-twiddle": "^1.0.0",
        "dup": "^1.0.0"
      }
    },
    "typescript": {
      "version": "4.9.5",
      "resolved": "https://registry.npmjs.org/typescript/-/typescript-4.9.5.tgz",
      "integrity": "sha512-1FXk9E2Hm+QzZQ7z+McJiHL4NW1F2EzMu9Nq9i3zAaGqibafqYwCVU6WyWAuyQRRzOlxou8xZSyXLEN8oKj24g==",
      "dev": true
    },
    "uniq": {
      "version": "1.0.1",
      "resolved": "https://registry.npmjs.org/uniq/-/uniq-1.0.1.tgz",
      "integrity": "sha512-Gw+zz50YNKPDKXs+9d+aKAjVwpjNwqzvNpLigIruT4HA9lMZNdMqs9x07kKHB/L9WRzqp4+DlTU5s4wG2esdoA=="
    }
  }
}
